{
  "requires": true,
  "lockfileVersion": 1,
  "dependencies": {
    "get-blob-duration": {
      "version": "1.1.0",
      "resolved": "https://registry.npmjs.org/get-blob-duration/-/get-blob-duration-1.1.0.tgz",
      "integrity": "sha512-B+1Z9D/zo7MsIDtkTDqchP18BVk1Qfpzlt315mNsRs9Trn27c8SZ3eHR3O7+6yUzjFIJt6cxXrV8EOZFnf/sTQ=="
    }
  }
}
